
Microsoft Visual Studio Solution File, Format Version 12.00
# Visual Studio Version 17
VisualStudioVersion = 17.1.32421.90
MinimumVisualStudioVersion = 10.0.40219.1
Project("{FAE04EC0-301F-11D3-BF4B-00C04F79EFBC}") = "DapperExtension Test", "DapperExtension Test\DapperExtension Test.csproj", "{5884D791-F125-4750-A4F4-CB73E3D23E60}"
EndProject
Project("{9A19103F-16F7-4668-BE54-9A1E7A4F7556}") = "DapperExtension", "..\DapperExtension\DapperExtension\DapperExtension.csproj", "{9C79BCB2-400C-43B8-9761-8B29AFE812EE}"
EndProject
Global
	GlobalSection(SolutionConfigurationPlatforms) = preSolution
		Debug|Any CPU = Debug|Any CPU
		Release|Any CPU = Release|Any CPU
	EndGlobalSection
	GlobalSection(ProjectConfigurationPlatforms) = postSolution
		{5884D791-F125-4750-A4F4-CB73E3D23E60}.Debug|Any CPU.ActiveCfg = Debug|Any CPU
		{5884D791-F125-4750-A4F4-CB73E3D23E60}.Debug|Any CPU.Build.0 = Debug|Any CPU
		{5884D791-F125-4750-A4F4-CB73E3D23E60}.Release|Any CPU.ActiveCfg = Release|Any CPU
		{5884D791-F125-4750-A4F4-CB73E3D23E60}.Release|Any CPU.Build.0 = Release|Any CPU
		{9C79BCB2-400C-43B8-9761-8B29AFE812EE}.Debug|Any CPU.ActiveCfg = Debug|Any CPU
		{9C79BCB2-400C-43B8-9761-8B29AFE812EE}.Debug|Any CPU.Build.0 = Debug|Any CPU
		{9C79BCB2-400C-43B8-9761-8B29AFE812EE}.Release|Any CPU.ActiveCfg = Release|Any CPU
		{9C79BCB2-400C-43B8-9761-8B29AFE812EE}.Release|Any CPU.Build.0 = Release|Any CPU
	EndGlobalSection
	GlobalSection(SolutionProperties) = preSolution
		HideSolutionNode = FALSE
	EndGlobalSection
	GlobalSection(ExtensibilityGlobals) = postSolution
		SolutionGuid = {2CFB99DA-DD36-4EFA-ADD2-90E2DCF1C3C0}
	EndGlobalSection
EndGlobal
